PODS:
  - CreditCardForm (0.1.9)
  - Stripe (14.0.0)

DEPENDENCIES:
  - CreditCardForm (from `https://github.com/orazz/CreditCardForm-iOS`, branch `master`)
  - Stripe

SPEC REPOS:
  https://github.com/cocoapods/specs.git:
    - Stripe

EXTERNAL SOURCES:
  CreditCardForm:
    :branch: master
    :git: https://github.com/orazz/CreditCardForm-iOS

CHECKOUT OPTIONS:
  CreditCardForm:
    :commit: e22ed435fd87d8926fc44cee88b5dd8e84285ac7
    :git: https://github.com/orazz/CreditCardForm-iOS

SPEC CHECKSUMS:
  CreditCardForm: 2cf641d05f18a5edf6e42ae3e3f7e854695e0223
  Stripe: db29ad197c74aca6fb981e4e8355cf7ebd0fca5a

PODFILE CHECKSUM: 93ebc3fd9f948bf9f69c9c95d73cc91aee7aad16

COCOAPODS: 1.5.3
